{
  "version": 4,
  "terraform_version": "1.11.4",
  "serial": 32,
  "lineage": "fb6adf52-4f81-2770-a65f-dff37dc4feeb",
  "outputs": {
    "instance_ip": {
      "value": "129.114.27.54",
      "type": "string"
    },
    "volume_id": {
      "value": "0caea127-39ba-488e-8383-8472491f54cf",
      "type": "string"
    }
  },
  "resources": [
    {
      "mode": "managed",
      "type": "openstack_blockstorage_volume_v3",
      "name": "mlops_volume",
      "provider": "provider[\"registry.terraform.io/terraform-provider-openstack/openstack\"]",
      "instances": [
        {
          "schema_version": 0,
          "attributes": {
            "attachment": [
              {
                "device": "/dev/vdb",
                "id": "0caea127-39ba-488e-8383-8472491f54cf",
                "instance_id": "95e8bfe9-8fde-45d9-8cd7-bdc78810f212"
              }
            ],
            "availability_zone": "nova",
            "consistency_group_id": null,
            "description": "Persistent volume for model and dataset",
            "enable_online_resize": null,
            "id": "0caea127-39ba-488e-8383-8472491f54cf",
            "image_id": null,
            "metadata": {},
            "multiattach": null,
            "name": "mlops-data-volume",
            "region": "KVM@TACC",
            "scheduler_hints": [],
            "size": 100,
            "snapshot_id": "",
            "source_replica": null,
            "source_vol_id": "",
            "timeouts": null,
            "volume_type": "ceph-hdd"
          },
          "sensitive_attributes": [],
          "private": "eyJlMmJmYjczMC1lY2FhLTExZTYtOGY4OC0zNDM2M2JjN2M0YzAiOnsiY3JlYXRlIjo2MDAwMDAwMDAwMDAsImRlbGV0ZSI6NjAwMDAwMDAwMDAwfX0="
        }
      ]
    },
    {
      "mode": "managed",
      "type": "openstack_compute_floatingip_associate_v2",
      "name": "fip_assoc",
      "provider": "provider[\"registry.terraform.io/terraform-provider-openstack/openstack\"]",
      "instances": [
        {
          "schema_version": 0,
          "attributes": {
            "fixed_ip": "",
            "floating_ip": "129.114.27.54",
            "id": "129.114.27.54/95e8bfe9-8fde-45d9-8cd7-bdc78810f212/",
            "instance_id": "95e8bfe9-8fde-45d9-8cd7-bdc78810f212",
            "region": "KVM@TACC",
            "timeouts": null,
            "wait_until_associated": null
          },
          "sensitive_attributes": [],
          "private": "eyJlMmJmYjczMC1lY2FhLTExZTYtOGY4OC0zNDM2M2JjN2M0YzAiOnsiY3JlYXRlIjo2MDAwMDAwMDAwMDB9fQ==",
          "dependencies": [
            "openstack_compute_instance_v2.mlops_vm",
            "openstack_networking_floatingip_v2.public_ip"
          ]
        }
      ]
    },
    {
      "mode": "managed",
      "type": "openstack_compute_instance_v2",
      "name": "mlops_vm",
      "provider": "provider[\"registry.terraform.io/terraform-provider-openstack/openstack\"]",
      "instances": [
        {
          "schema_version": 0,
          "attributes": {
            "access_ip_v4": "10.56.2.213",
            "access_ip_v6": "",
            "admin_pass": null,
            "all_metadata": {
              "created_by": "terraform",
              "purpose": "mlops-vm"
            },
            "all_tags": [],
            "availability_zone": "nova",
            "availability_zone_hints": null,
            "block_device": [],
            "config_drive": null,
            "created": "2025-04-30 18:29:48 +0000 UTC",
            "flavor_id": "4",
            "flavor_name": "m1.large",
            "floating_ip": null,
            "force_delete": false,
            "id": "95e8bfe9-8fde-45d9-8cd7-bdc78810f212",
            "image_id": "8c7e0698-58dd-4366-bd71-f1b4dfea5eb8",
            "image_name": "CC-Ubuntu22.04",
            "key_pair": "id_project",
            "metadata": {
              "created_by": "terraform",
              "purpose": "mlops-vm"
            },
            "name": "mlops-vm",
            "network": [
              {
                "access_network": false,
                "fixed_ip_v4": "10.56.2.213",
                "fixed_ip_v6": "",
                "floating_ip": "",
                "mac": "fa:16:3e:4c:f7:35",
                "name": "sharednet1",
                "port": "",
                "uuid": "50073c73-5817-49c3-8e3a-69b8c357e158"
              }
            ],
            "network_mode": null,
            "personality": [],
            "power_state": "active",
            "region": "KVM@TACC",
            "scheduler_hints": [],
            "security_groups": [
              "mlops-secgroup"
            ],
            "stop_before_destroy": false,
            "tags": [],
            "timeouts": null,
            "updated": "2025-05-02 21:27:43 +0000 UTC",
            "user_data": null,
            "vendor_options": [],
            "volume": []
          },
          "sensitive_attributes": [
            [
              {
                "type": "get_attr",
                "value": "admin_pass"
              }
            ]
          ],
          "private": "eyJlMmJmYjczMC1lY2FhLTExZTYtOGY4OC0zNDM2M2JjN2M0YzAiOnsiY3JlYXRlIjoxODAwMDAwMDAwMDAwLCJkZWxldGUiOjE4MDAwMDAwMDAwMDAsInVwZGF0ZSI6MTgwMDAwMDAwMDAwMH19"
        }
      ]
    },
    {
      "mode": "managed",
      "type": "openstack_compute_volume_attach_v2",
      "name": "attach_volume",
      "provider": "provider[\"registry.terraform.io/terraform-provider-openstack/openstack\"]",
      "instances": [
        {
          "schema_version": 0,
          "attributes": {
            "device": "/dev/vdb",
            "id": "95e8bfe9-8fde-45d9-8cd7-bdc78810f212/0caea127-39ba-488e-8383-8472491f54cf",
            "instance_id": "95e8bfe9-8fde-45d9-8cd7-bdc78810f212",
            "multiattach": null,
            "region": "KVM@TACC",
            "timeouts": null,
            "vendor_options": [],
            "volume_id": "0caea127-39ba-488e-8383-8472491f54cf"
          },
          "sensitive_attributes": [],
          "private": "eyJlMmJmYjczMC1lY2FhLTExZTYtOGY4OC0zNDM2M2JjN2M0YzAiOnsiY3JlYXRlIjo2MDAwMDAwMDAwMDAsImRlbGV0ZSI6NjAwMDAwMDAwMDAwfX0=",
          "dependencies": [
            "openstack_blockstorage_volume_v3.mlops_volume",
            "openstack_compute_instance_v2.mlops_vm"
          ]
        }
      ]
    },
    {
      "mode": "managed",
      "type": "openstack_networking_floatingip_v2",
      "name": "public_ip",
      "provider": "provider[\"registry.terraform.io/terraform-provider-openstack/openstack\"]",
      "instances": [
        {
          "schema_version": 0,
          "attributes": {
            "address": "129.114.27.54",
            "all_tags": [],
            "description": "",
            "dns_domain": "",
            "dns_name": "",
            "fixed_ip": "10.56.2.213",
            "id": "976e97d8-92e6-48b1-8d69-4c688cb010c0",
            "pool": "public",
            "port_id": "a9636807-59a3-41a1-ac02-adeab7b64ad5",
            "region": "KVM@TACC",
            "subnet_id": null,
            "subnet_ids": null,
            "tags": [],
            "tenant_id": "89f528973fea4b3a981f9b2344e522de",
            "timeouts": null,
            "value_specs": null
          },
          "sensitive_attributes": [],
          "private": "eyJlMmJmYjczMC1lY2FhLTExZTYtOGY4OC0zNDM2M2JjN2M0YzAiOnsiY3JlYXRlIjo2MDAwMDAwMDAwMDAsImRlbGV0ZSI6NjAwMDAwMDAwMDAwfX0="
        }
      ]
    },
    {
      "mode": "managed",
      "type": "openstack_networking_secgroup_rule_v2",
      "name": "allow_fastapi",
      "provider": "provider[\"registry.terraform.io/terraform-provider-openstack/openstack\"]",
      "instances": [
        {
          "schema_version": 0,
          "attributes": {
            "description": "",
            "direction": "ingress",
            "ethertype": "IPv4",
            "id": "c1ef50f6-3d7d-4755-a6aa-5ef90481a88f",
            "port_range_max": 8000,
            "port_range_min": 8000,
            "protocol": "tcp",
            "region": "KVM@TACC",
            "remote_group_id": "",
            "remote_ip_prefix": "0.0.0.0/0",
            "security_group_id": "3882bc18-9b13-4c87-a1c1-6c77df57ae22",
            "tenant_id": "89f528973fea4b3a981f9b2344e522de",
            "timeouts": null
          },
          "sensitive_attributes": [],
          "private": "eyJlMmJmYjczMC1lY2FhLTExZTYtOGY4OC0zNDM2M2JjN2M0YzAiOnsiZGVsZXRlIjo2MDAwMDAwMDAwMDB9fQ==",
          "dependencies": [
            "openstack_networking_secgroup_v2.main"
          ]
        }
      ]
    },
    {
      "mode": "managed",
      "type": "openstack_networking_secgroup_rule_v2",
      "name": "allow_minio_api",
      "provider": "provider[\"registry.terraform.io/terraform-provider-openstack/openstack\"]",
      "instances": [
        {
          "schema_version": 0,
          "attributes": {
            "description": "",
            "direction": "ingress",
            "ethertype": "IPv4",
            "id": "75c42bab-7ce5-4421-b36a-3461e2fafa93",
            "port_range_max": 30090,
            "port_range_min": 30090,
            "protocol": "tcp",
            "region": "KVM@TACC",
            "remote_group_id": "",
            "remote_ip_prefix": "0.0.0.0/0",
            "security_group_id": "3882bc18-9b13-4c87-a1c1-6c77df57ae22",
            "tenant_id": "89f528973fea4b3a981f9b2344e522de",
            "timeouts": null
          },
          "sensitive_attributes": [],
          "private": "eyJlMmJmYjczMC1lY2FhLTExZTYtOGY4OC0zNDM2M2JjN2M0YzAiOnsiZGVsZXRlIjo2MDAwMDAwMDAwMDB9fQ==",
          "dependencies": [
            "openstack_networking_secgroup_v2.main"
          ]
        }
      ]
    },
    {
      "mode": "managed",
      "type": "openstack_networking_secgroup_rule_v2",
      "name": "allow_minio_console",
      "provider": "provider[\"registry.terraform.io/terraform-provider-openstack/openstack\"]",
      "instances": [
        {
          "schema_version": 0,
          "attributes": {
            "description": "",
            "direction": "ingress",
            "ethertype": "IPv4",
            "id": "40573d9e-e8b2-4a90-8da7-3323f5824b8b",
            "port_range_max": 30091,
            "port_range_min": 30091,
            "protocol": "tcp",
            "region": "KVM@TACC",
            "remote_group_id": "",
            "remote_ip_prefix": "0.0.0.0/0",
            "security_group_id": "3882bc18-9b13-4c87-a1c1-6c77df57ae22",
            "tenant_id": "89f528973fea4b3a981f9b2344e522de",
            "timeouts": null
          },
          "sensitive_attributes": [],
          "private": "eyJlMmJmYjczMC1lY2FhLTExZTYtOGY4OC0zNDM2M2JjN2M0YzAiOnsiZGVsZXRlIjo2MDAwMDAwMDAwMDB9fQ==",
          "dependencies": [
            "openstack_networking_secgroup_v2.main"
          ]
        }
      ]
    },
    {
      "mode": "managed",
      "type": "openstack_networking_secgroup_rule_v2",
      "name": "allow_mlflow",
      "provider": "provider[\"registry.terraform.io/terraform-provider-openstack/openstack\"]",
      "instances": [
        {
          "schema_version": 0,
          "attributes": {
            "description": "",
            "direction": "ingress",
            "ethertype": "IPv4",
            "id": "ea40fee0-5613-41a3-a198-dbd2e0590459",
            "port_range_max": 5000,
            "port_range_min": 5000,
            "protocol": "tcp",
            "region": "KVM@TACC",
            "remote_group_id": "",
            "remote_ip_prefix": "0.0.0.0/0",
            "security_group_id": "3882bc18-9b13-4c87-a1c1-6c77df57ae22",
            "tenant_id": "89f528973fea4b3a981f9b2344e522de",
            "timeouts": null
          },
          "sensitive_attributes": [],
          "private": "eyJlMmJmYjczMC1lY2FhLTExZTYtOGY4OC0zNDM2M2JjN2M0YzAiOnsiZGVsZXRlIjo2MDAwMDAwMDAwMDB9fQ==",
          "dependencies": [
            "openstack_networking_secgroup_v2.main"
          ]
        }
      ]
    },
    {
      "mode": "managed",
      "type": "openstack_networking_secgroup_rule_v2",
      "name": "allow_ssh",
      "provider": "provider[\"registry.terraform.io/terraform-provider-openstack/openstack\"]",
      "instances": [
        {
          "schema_version": 0,
          "attributes": {
            "description": "",
            "direction": "ingress",
            "ethertype": "IPv4",
            "id": "bab544bc-5274-4608-8201-9462642a91d7",
            "port_range_max": 22,
            "port_range_min": 22,
            "protocol": "tcp",
            "region": "KVM@TACC",
            "remote_group_id": "",
            "remote_ip_prefix": "0.0.0.0/0",
            "security_group_id": "3882bc18-9b13-4c87-a1c1-6c77df57ae22",
            "tenant_id": "89f528973fea4b3a981f9b2344e522de",
            "timeouts": null
          },
          "sensitive_attributes": [],
          "private": "eyJlMmJmYjczMC1lY2FhLTExZTYtOGY4OC0zNDM2M2JjN2M0YzAiOnsiZGVsZXRlIjo2MDAwMDAwMDAwMDB9fQ==",
          "dependencies": [
            "openstack_networking_secgroup_v2.main"
          ]
        }
      ]
    },
    {
      "mode": "managed",
      "type": "openstack_networking_secgroup_v2",
      "name": "main",
      "provider": "provider[\"registry.terraform.io/terraform-provider-openstack/openstack\"]",
      "instances": [
        {
          "schema_version": 0,
          "attributes": {
            "all_tags": [],
            "delete_default_rules": null,
            "description": "Security group for MLflow, FastAPI, MinIO, etc.",
            "id": "3882bc18-9b13-4c87-a1c1-6c77df57ae22",
            "name": "mlops-secgroup",
            "region": "KVM@TACC",
            "tags": [],
            "tenant_id": "89f528973fea4b3a981f9b2344e522de",
            "timeouts": null
          },
          "sensitive_attributes": [],
          "private": "eyJlMmJmYjczMC1lY2FhLTExZTYtOGY4OC0zNDM2M2JjN2M0YzAiOnsiZGVsZXRlIjo2MDAwMDAwMDAwMDB9fQ=="
        }
      ]
    }
  ],
  "check_results": null
}
