{
  "version": 4,
  "terraform_version": "1.11.4",
  "serial": 35,
  "lineage": "9e543e13-136d-196c-e2e4-c20efb2c02f5",
  "outputs": {
    "attached_volumes": {
      "value": {
        "k8s-master-0": "/dev/vdb",
        "k8s-worker-0": "/dev/vdb",
        "k8s-worker-1": "/dev/vdb"
      },
      "type": [
        "object",
        {
          "k8s-master-0": "string",
          "k8s-worker-0": "string",
          "k8s-worker-1": "string"
        }
      ]
    },
    "master_ips": {
      "value": {
        "k8s-master-0": "129.114.27.202"
      },
      "type": [
        "object",
        {
          "k8s-master-0": "string"
        }
      ]
    },
    "worker_ips": {
      "value": {
        "k8s-worker-0": "129.114.27.31",
        "k8s-worker-1": "129.114.26.164"
      },
      "type": [
        "object",
        {
          "k8s-worker-0": "string",
          "k8s-worker-1": "string"
        }
      ]
    }
  },
  "resources": [
    {
      "mode": "managed",
      "type": "openstack_blockstorage_volume_v3",
      "name": "volumes",
      "provider": "provider[\"registry.terraform.io/terraform-provider-openstack/openstack\"]",
      "instances": [
        {
          "index_key": "k8s-master-0",
          "schema_version": 0,
          "attributes": {
            "attachment": [
              {
                "device": "/dev/vdb",
                "id": "786d2097-7654-4826-bb2a-7c41d58fbc0d",
                "instance_id": "784fe732-2a4e-4419-9766-a85e3dc44a4d"
              }
            ],
            "availability_zone": "nova",
            "consistency_group_id": null,
            "description": "Volume for k8s-master-0",
            "enable_online_resize": null,
            "id": "786d2097-7654-4826-bb2a-7c41d58fbc0d",
            "image_id": null,
            "metadata": {},
            "multiattach": null,
            "name": "k8s-master-0-volume",
            "region": "KVM@TACC",
            "scheduler_hints": [],
            "size": 100,
            "snapshot_id": "",
            "source_replica": null,
            "source_vol_id": "",
            "timeouts": null,
            "volume_type": "ceph-hdd"
          },
          "sensitive_attributes": [],
          "private": "eyJlMmJmYjczMC1lY2FhLTExZTYtOGY4OC0zNDM2M2JjN2M0YzAiOnsiY3JlYXRlIjo2MDAwMDAwMDAwMDAsImRlbGV0ZSI6NjAwMDAwMDAwMDAwfX0=",
          "dependencies": [
            "openstack_compute_instance_v2.masters",
            "openstack_compute_instance_v2.workers",
            "openstack_networking_secgroup_v2.main"
          ]
        },
        {
          "index_key": "k8s-worker-0",
          "schema_version": 0,
          "attributes": {
            "attachment": [
              {
                "device": "/dev/vdb",
                "id": "961be5b3-a249-44eb-9e9e-1b2b640f020f",
                "instance_id": "dec18a0f-5b8d-4fc0-9db3-8001501c728d"
              }
            ],
            "availability_zone": "nova",
            "consistency_group_id": null,
            "description": "Volume for k8s-worker-0",
            "enable_online_resize": null,
            "id": "961be5b3-a249-44eb-9e9e-1b2b640f020f",
            "image_id": null,
            "metadata": {},
            "multiattach": null,
            "name": "k8s-worker-0-volume",
            "region": "KVM@TACC",
            "scheduler_hints": [],
            "size": 100,
            "snapshot_id": "",
            "source_replica": null,
            "source_vol_id": "",
            "timeouts": null,
            "volume_type": "ceph-hdd"
          },
          "sensitive_attributes": [],
          "private": "eyJlMmJmYjczMC1lY2FhLTExZTYtOGY4OC0zNDM2M2JjN2M0YzAiOnsiY3JlYXRlIjo2MDAwMDAwMDAwMDAsImRlbGV0ZSI6NjAwMDAwMDAwMDAwfX0=",
          "dependencies": [
            "openstack_compute_instance_v2.masters",
            "openstack_compute_instance_v2.workers",
            "openstack_networking_secgroup_v2.main"
          ]
        },
        {
          "index_key": "k8s-worker-1",
          "schema_version": 0,
          "attributes": {
            "attachment": [
              {
                "device": "/dev/vdb",
                "id": "04fc4ca2-6b98-48d8-9305-1f628af6f383",
                "instance_id": "d47edf9c-7f7f-4aa0-9f2e-13884584a372"
              }
            ],
            "availability_zone": "nova",
            "consistency_group_id": null,
            "description": "Volume for k8s-worker-1",
            "enable_online_resize": null,
            "id": "04fc4ca2-6b98-48d8-9305-1f628af6f383",
            "image_id": null,
            "metadata": {},
            "multiattach": null,
            "name": "k8s-worker-1-volume",
            "region": "KVM@TACC",
            "scheduler_hints": [],
            "size": 100,
            "snapshot_id": "",
            "source_replica": null,
            "source_vol_id": "",
            "timeouts": null,
            "volume_type": "ceph-hdd"
          },
          "sensitive_attributes": [],
          "private": "eyJlMmJmYjczMC1lY2FhLTExZTYtOGY4OC0zNDM2M2JjN2M0YzAiOnsiY3JlYXRlIjo2MDAwMDAwMDAwMDAsImRlbGV0ZSI6NjAwMDAwMDAwMDAwfX0=",
          "dependencies": [
            "openstack_compute_instance_v2.masters",
            "openstack_compute_instance_v2.workers",
            "openstack_networking_secgroup_v2.main"
          ]
        }
      ]
    },
    {
      "mode": "managed",
      "type": "openstack_compute_floatingip_associate_v2",
      "name": "masters_assoc",
      "provider": "provider[\"registry.terraform.io/terraform-provider-openstack/openstack\"]",
      "instances": [
        {
          "index_key": "k8s-master-0",
          "schema_version": 0,
          "attributes": {
            "fixed_ip": "",
            "floating_ip": "129.114.27.202",
            "id": "129.114.27.202/784fe732-2a4e-4419-9766-a85e3dc44a4d/",
            "instance_id": "784fe732-2a4e-4419-9766-a85e3dc44a4d",
            "region": "KVM@TACC",
            "timeouts": null,
            "wait_until_associated": null
          },
          "sensitive_attributes": [],
          "private": "eyJlMmJmYjczMC1lY2FhLTExZTYtOGY4OC0zNDM2M2JjN2M0YzAiOnsiY3JlYXRlIjo2MDAwMDAwMDAwMDB9fQ==",
          "dependencies": [
            "openstack_compute_instance_v2.masters",
            "openstack_networking_floatingip_v2.masters_fip",
            "openstack_networking_secgroup_v2.main"
          ]
        }
      ]
    },
    {
      "mode": "managed",
      "type": "openstack_compute_floatingip_associate_v2",
      "name": "workers_assoc",
      "provider": "provider[\"registry.terraform.io/terraform-provider-openstack/openstack\"]",
      "instances": [
        {
          "index_key": "k8s-worker-0",
          "schema_version": 0,
          "attributes": {
            "fixed_ip": "",
            "floating_ip": "129.114.27.31",
            "id": "129.114.27.31/dec18a0f-5b8d-4fc0-9db3-8001501c728d/",
            "instance_id": "dec18a0f-5b8d-4fc0-9db3-8001501c728d",
            "region": "KVM@TACC",
            "timeouts": null,
            "wait_until_associated": null
          },
          "sensitive_attributes": [],
          "private": "eyJlMmJmYjczMC1lY2FhLTExZTYtOGY4OC0zNDM2M2JjN2M0YzAiOnsiY3JlYXRlIjo2MDAwMDAwMDAwMDB9fQ==",
          "dependencies": [
            "openstack_compute_instance_v2.workers",
            "openstack_networking_floatingip_v2.workers_fip",
            "openstack_networking_secgroup_v2.main"
          ]
        },
        {
          "index_key": "k8s-worker-1",
          "schema_version": 0,
          "attributes": {
            "fixed_ip": "",
            "floating_ip": "129.114.26.164",
            "id": "129.114.26.164/d47edf9c-7f7f-4aa0-9f2e-13884584a372/",
            "instance_id": "d47edf9c-7f7f-4aa0-9f2e-13884584a372",
            "region": "KVM@TACC",
            "timeouts": null,
            "wait_until_associated": null
          },
          "sensitive_attributes": [],
          "private": "eyJlMmJmYjczMC1lY2FhLTExZTYtOGY4OC0zNDM2M2JjN2M0YzAiOnsiY3JlYXRlIjo2MDAwMDAwMDAwMDB9fQ==",
          "dependencies": [
            "openstack_compute_instance_v2.workers",
            "openstack_networking_floatingip_v2.workers_fip",
            "openstack_networking_secgroup_v2.main"
          ]
        }
      ]
    },
    {
      "mode": "managed",
      "type": "openstack_compute_instance_v2",
      "name": "masters",
      "provider": "provider[\"registry.terraform.io/terraform-provider-openstack/openstack\"]",
      "instances": [
        {
          "index_key": "k8s-master-0",
          "schema_version": 0,
          "attributes": {
            "access_ip_v4": "10.56.3.17",
            "access_ip_v6": "",
            "admin_pass": null,
            "all_metadata": {
              "created_by": "terraform",
              "purpose": "k8s-master"
            },
            "all_tags": [],
            "availability_zone": "nova",
            "availability_zone_hints": null,
            "block_device": [],
            "config_drive": null,
            "created": "2025-05-07 00:24:27 +0000 UTC",
            "flavor_id": "4",
            "flavor_name": "m1.large",
            "floating_ip": null,
            "force_delete": false,
            "id": "784fe732-2a4e-4419-9766-a85e3dc44a4d",
            "image_id": "8c7e0698-58dd-4366-bd71-f1b4dfea5eb8",
            "image_name": "CC-Ubuntu22.04",
            "key_pair": "id_serving",
            "metadata": {
              "created_by": "terraform",
              "purpose": "k8s-master"
            },
            "name": "k8s-master-0",
            "network": [
              {
                "access_network": false,
                "fixed_ip_v4": "10.56.3.17",
                "fixed_ip_v6": "",
                "floating_ip": "",
                "mac": "fa:16:3e:be:3c:4d",
                "name": "sharednet1",
                "port": "",
                "uuid": "50073c73-5817-49c3-8e3a-69b8c357e158"
              }
            ],
            "network_mode": null,
            "personality": [],
            "power_state": "active",
            "region": "KVM@TACC",
            "scheduler_hints": [],
            "security_groups": [
              "k8s-secgroup"
            ],
            "stop_before_destroy": false,
            "tags": [],
            "timeouts": null,
            "updated": "2025-05-08 16:39:10 +0000 UTC",
            "user_data": null,
            "vendor_options": [],
            "volume": []
          },
          "sensitive_attributes": [
            [
              {
                "type": "get_attr",
                "value": "admin_pass"
              }
            ]
          ],
          "private": "eyJlMmJmYjczMC1lY2FhLTExZTYtOGY4OC0zNDM2M2JjN2M0YzAiOnsiY3JlYXRlIjoxODAwMDAwMDAwMDAwLCJkZWxldGUiOjE4MDAwMDAwMDAwMDAsInVwZGF0ZSI6MTgwMDAwMDAwMDAwMH19",
          "dependencies": [
            "openstack_networking_secgroup_v2.main"
          ]
        }
      ]
    },
    {
      "mode": "managed",
      "type": "openstack_compute_instance_v2",
      "name": "workers",
      "provider": "provider[\"registry.terraform.io/terraform-provider-openstack/openstack\"]",
      "instances": [
        {
          "index_key": "k8s-worker-0",
          "schema_version": 0,
          "attributes": {
            "access_ip_v4": "10.56.2.203",
            "access_ip_v6": "",
            "admin_pass": null,
            "all_metadata": {
              "created_by": "terraform",
              "purpose": "k8s-worker"
            },
            "all_tags": [],
            "availability_zone": "nova",
            "availability_zone_hints": null,
            "block_device": [],
            "config_drive": null,
            "created": "2025-05-07 00:24:27 +0000 UTC",
            "flavor_id": "4",
            "flavor_name": "m1.large",
            "floating_ip": null,
            "force_delete": false,
            "id": "dec18a0f-5b8d-4fc0-9db3-8001501c728d",
            "image_id": "8c7e0698-58dd-4366-bd71-f1b4dfea5eb8",
            "image_name": "CC-Ubuntu22.04",
            "key_pair": "id_serving",
            "metadata": {
              "created_by": "terraform",
              "purpose": "k8s-worker"
            },
            "name": "k8s-worker-0",
            "network": [
              {
                "access_network": false,
                "fixed_ip_v4": "10.56.2.203",
                "fixed_ip_v6": "",
                "floating_ip": "",
                "mac": "fa:16:3e:1a:72:a4",
                "name": "sharednet1",
                "port": "",
                "uuid": "50073c73-5817-49c3-8e3a-69b8c357e158"
              }
            ],
            "network_mode": null,
            "personality": [],
            "power_state": "active",
            "region": "KVM@TACC",
            "scheduler_hints": [],
            "security_groups": [
              "k8s-secgroup"
            ],
            "stop_before_destroy": false,
            "tags": [],
            "timeouts": null,
            "updated": "2025-05-08 16:39:10 +0000 UTC",
            "user_data": null,
            "vendor_options": [],
            "volume": []
          },
          "sensitive_attributes": [
            [
              {
                "type": "get_attr",
                "value": "admin_pass"
              }
            ]
          ],
          "private": "eyJlMmJmYjczMC1lY2FhLTExZTYtOGY4OC0zNDM2M2JjN2M0YzAiOnsiY3JlYXRlIjoxODAwMDAwMDAwMDAwLCJkZWxldGUiOjE4MDAwMDAwMDAwMDAsInVwZGF0ZSI6MTgwMDAwMDAwMDAwMH19",
          "dependencies": [
            "openstack_networking_secgroup_v2.main"
          ]
        },
        {
          "index_key": "k8s-worker-1",
          "schema_version": 0,
          "attributes": {
            "access_ip_v4": "10.56.2.229",
            "access_ip_v6": "",
            "admin_pass": null,
            "all_metadata": {
              "created_by": "terraform",
              "purpose": "k8s-worker"
            },
            "all_tags": [],
            "availability_zone": "nova",
            "availability_zone_hints": null,
            "block_device": [],
            "config_drive": null,
            "created": "2025-05-07 00:24:27 +0000 UTC",
            "flavor_id": "4",
            "flavor_name": "m1.large",
            "floating_ip": null,
            "force_delete": false,
            "id": "d47edf9c-7f7f-4aa0-9f2e-13884584a372",
            "image_id": "8c7e0698-58dd-4366-bd71-f1b4dfea5eb8",
            "image_name": "CC-Ubuntu22.04",
            "key_pair": "id_serving",
            "metadata": {
              "created_by": "terraform",
              "purpose": "k8s-worker"
            },
            "name": "k8s-worker-1",
            "network": [
              {
                "access_network": false,
                "fixed_ip_v4": "10.56.2.229",
                "fixed_ip_v6": "",
                "floating_ip": "",
                "mac": "fa:16:3e:59:30:c8",
                "name": "sharednet1",
                "port": "",
                "uuid": "50073c73-5817-49c3-8e3a-69b8c357e158"
              }
            ],
            "network_mode": null,
            "personality": [],
            "power_state": "active",
            "region": "KVM@TACC",
            "scheduler_hints": [],
            "security_groups": [
              "k8s-secgroup"
            ],
            "stop_before_destroy": false,
            "tags": [],
            "timeouts": null,
            "updated": "2025-05-08 16:39:10 +0000 UTC",
            "user_data": null,
            "vendor_options": [],
            "volume": []
          },
          "sensitive_attributes": [
            [
              {
                "type": "get_attr",
                "value": "admin_pass"
              }
            ]
          ],
          "private": "eyJlMmJmYjczMC1lY2FhLTExZTYtOGY4OC0zNDM2M2JjN2M0YzAiOnsiY3JlYXRlIjoxODAwMDAwMDAwMDAwLCJkZWxldGUiOjE4MDAwMDAwMDAwMDAsInVwZGF0ZSI6MTgwMDAwMDAwMDAwMH19",
          "dependencies": [
            "openstack_networking_secgroup_v2.main"
          ]
        }
      ]
    },
    {
      "mode": "managed",
      "type": "openstack_compute_volume_attach_v2",
      "name": "attach_volumes",
      "provider": "provider[\"registry.terraform.io/terraform-provider-openstack/openstack\"]",
      "instances": [
        {
          "index_key": "k8s-master-0",
          "schema_version": 0,
          "attributes": {
            "device": "/dev/vdb",
            "id": "784fe732-2a4e-4419-9766-a85e3dc44a4d/786d2097-7654-4826-bb2a-7c41d58fbc0d",
            "instance_id": "784fe732-2a4e-4419-9766-a85e3dc44a4d",
            "multiattach": null,
            "region": "KVM@TACC",
            "timeouts": null,
            "vendor_options": [],
            "volume_id": "786d2097-7654-4826-bb2a-7c41d58fbc0d"
          },
          "sensitive_attributes": [],
          "private": "eyJlMmJmYjczMC1lY2FhLTExZTYtOGY4OC0zNDM2M2JjN2M0YzAiOnsiY3JlYXRlIjo2MDAwMDAwMDAwMDAsImRlbGV0ZSI6NjAwMDAwMDAwMDAwfX0=",
          "dependencies": [
            "openstack_blockstorage_volume_v3.volumes",
            "openstack_compute_instance_v2.masters",
            "openstack_compute_instance_v2.workers",
            "openstack_networking_secgroup_v2.main"
          ]
        },
        {
          "index_key": "k8s-worker-0",
          "schema_version": 0,
          "attributes": {
            "device": "/dev/vdb",
            "id": "dec18a0f-5b8d-4fc0-9db3-8001501c728d/961be5b3-a249-44eb-9e9e-1b2b640f020f",
            "instance_id": "dec18a0f-5b8d-4fc0-9db3-8001501c728d",
            "multiattach": null,
            "region": "KVM@TACC",
            "timeouts": null,
            "vendor_options": [],
            "volume_id": "961be5b3-a249-44eb-9e9e-1b2b640f020f"
          },
          "sensitive_attributes": [],
          "private": "eyJlMmJmYjczMC1lY2FhLTExZTYtOGY4OC0zNDM2M2JjN2M0YzAiOnsiY3JlYXRlIjo2MDAwMDAwMDAwMDAsImRlbGV0ZSI6NjAwMDAwMDAwMDAwfX0=",
          "dependencies": [
            "openstack_blockstorage_volume_v3.volumes",
            "openstack_compute_instance_v2.masters",
            "openstack_compute_instance_v2.workers",
            "openstack_networking_secgroup_v2.main"
          ]
        },
        {
          "index_key": "k8s-worker-1",
          "schema_version": 0,
          "attributes": {
            "device": "/dev/vdb",
            "id": "d47edf9c-7f7f-4aa0-9f2e-13884584a372/04fc4ca2-6b98-48d8-9305-1f628af6f383",
            "instance_id": "d47edf9c-7f7f-4aa0-9f2e-13884584a372",
            "multiattach": null,
            "region": "KVM@TACC",
            "timeouts": null,
            "vendor_options": [],
            "volume_id": "04fc4ca2-6b98-48d8-9305-1f628af6f383"
          },
          "sensitive_attributes": [],
          "private": "eyJlMmJmYjczMC1lY2FhLTExZTYtOGY4OC0zNDM2M2JjN2M0YzAiOnsiY3JlYXRlIjo2MDAwMDAwMDAwMDAsImRlbGV0ZSI6NjAwMDAwMDAwMDAwfX0=",
          "dependencies": [
            "openstack_blockstorage_volume_v3.volumes",
            "openstack_compute_instance_v2.masters",
            "openstack_compute_instance_v2.workers",
            "openstack_networking_secgroup_v2.main"
          ]
        }
      ]
    },
    {
      "mode": "managed",
      "type": "openstack_networking_floatingip_v2",
      "name": "masters_fip",
      "provider": "provider[\"registry.terraform.io/terraform-provider-openstack/openstack\"]",
      "instances": [
        {
          "index_key": "k8s-master-0",
          "schema_version": 0,
          "attributes": {
            "address": "129.114.27.202",
            "all_tags": [],
            "description": "",
            "dns_domain": "",
            "dns_name": "",
            "fixed_ip": "10.56.3.17",
            "id": "410c5ac3-bf6c-4cdc-85c4-31b4376ddca4",
            "pool": "public",
            "port_id": "f780a527-ed3c-4533-b02c-541d8b4a42f1",
            "region": "KVM@TACC",
            "subnet_id": null,
            "subnet_ids": null,
            "tags": [],
            "tenant_id": "89f528973fea4b3a981f9b2344e522de",
            "timeouts": null,
            "value_specs": null
          },
          "sensitive_attributes": [],
          "private": "eyJlMmJmYjczMC1lY2FhLTExZTYtOGY4OC0zNDM2M2JjN2M0YzAiOnsiY3JlYXRlIjo2MDAwMDAwMDAwMDAsImRlbGV0ZSI6NjAwMDAwMDAwMDAwfX0=",
          "dependencies": [
            "openstack_compute_instance_v2.masters",
            "openstack_networking_secgroup_v2.main"
          ]
        }
      ]
    },
    {
      "mode": "managed",
      "type": "openstack_networking_floatingip_v2",
      "name": "workers_fip",
      "provider": "provider[\"registry.terraform.io/terraform-provider-openstack/openstack\"]",
      "instances": [
        {
          "index_key": "k8s-worker-0",
          "schema_version": 0,
          "attributes": {
            "address": "129.114.27.31",
            "all_tags": [],
            "description": "",
            "dns_domain": "",
            "dns_name": "",
            "fixed_ip": "10.56.2.203",
            "id": "1004d182-378c-43e9-ba7d-f57620179269",
            "pool": "public",
            "port_id": "6fca0679-475f-4c48-85bb-8b5d467e3153",
            "region": "KVM@TACC",
            "subnet_id": null,
            "subnet_ids": null,
            "tags": [],
            "tenant_id": "89f528973fea4b3a981f9b2344e522de",
            "timeouts": null,
            "value_specs": null
          },
          "sensitive_attributes": [],
          "private": "eyJlMmJmYjczMC1lY2FhLTExZTYtOGY4OC0zNDM2M2JjN2M0YzAiOnsiY3JlYXRlIjo2MDAwMDAwMDAwMDAsImRlbGV0ZSI6NjAwMDAwMDAwMDAwfX0=",
          "dependencies": [
            "openstack_compute_instance_v2.workers",
            "openstack_networking_secgroup_v2.main"
          ]
        },
        {
          "index_key": "k8s-worker-1",
          "schema_version": 0,
          "attributes": {
            "address": "129.114.26.164",
            "all_tags": [],
            "description": "",
            "dns_domain": "",
            "dns_name": "",
            "fixed_ip": "10.56.2.229",
            "id": "241212d4-210b-4f52-954c-7babe12a2f08",
            "pool": "public",
            "port_id": "ebb32805-59a1-4f0c-a911-5de502a1fcf5",
            "region": "KVM@TACC",
            "subnet_id": null,
            "subnet_ids": null,
            "tags": [],
            "tenant_id": "89f528973fea4b3a981f9b2344e522de",
            "timeouts": null,
            "value_specs": null
          },
          "sensitive_attributes": [],
          "private": "eyJlMmJmYjczMC1lY2FhLTExZTYtOGY4OC0zNDM2M2JjN2M0YzAiOnsiY3JlYXRlIjo2MDAwMDAwMDAwMDAsImRlbGV0ZSI6NjAwMDAwMDAwMDAwfX0=",
          "dependencies": [
            "openstack_compute_instance_v2.workers",
            "openstack_networking_secgroup_v2.main"
          ]
        }
      ]
    },
    {
      "mode": "managed",
      "type": "openstack_networking_secgroup_rule_v2",
      "name": "flannel_vxlan",
      "provider": "provider[\"registry.terraform.io/terraform-provider-openstack/openstack\"]",
      "instances": [
        {
          "schema_version": 0,
          "attributes": {
            "description": "",
            "direction": "ingress",
            "ethertype": "IPv4",
            "id": "b8eb3020-f1f9-4a00-b9b4-8acfcd596220",
            "port_range_max": 8472,
            "port_range_min": 8472,
            "protocol": "udp",
            "region": "KVM@TACC",
            "remote_group_id": "",
            "remote_ip_prefix": "0.0.0.0/0",
            "security_group_id": "270e1a94-3eee-498a-864f-758952d3c499",
            "tenant_id": "89f528973fea4b3a981f9b2344e522de",
            "timeouts": null
          },
          "sensitive_attributes": [],
          "private": "eyJlMmJmYjczMC1lY2FhLTExZTYtOGY4OC0zNDM2M2JjN2M0YzAiOnsiZGVsZXRlIjo2MDAwMDAwMDAwMDB9fQ==",
          "dependencies": [
            "openstack_networking_secgroup_v2.main"
          ]
        }
      ]
    },
    {
      "mode": "managed",
      "type": "openstack_networking_secgroup_rule_v2",
      "name": "ssh",
      "provider": "provider[\"registry.terraform.io/terraform-provider-openstack/openstack\"]",
      "instances": [
        {
          "schema_version": 0,
          "attributes": {
            "description": "",
            "direction": "ingress",
            "ethertype": "IPv4",
            "id": "0070873c-684b-4f9e-ba86-211f5fc48102",
            "port_range_max": 22,
            "port_range_min": 22,
            "protocol": "tcp",
            "region": "KVM@TACC",
            "remote_group_id": "",
            "remote_ip_prefix": "0.0.0.0/0",
            "security_group_id": "270e1a94-3eee-498a-864f-758952d3c499",
            "tenant_id": "89f528973fea4b3a981f9b2344e522de",
            "timeouts": null
          },
          "sensitive_attributes": [],
          "private": "eyJlMmJmYjczMC1lY2FhLTExZTYtOGY4OC0zNDM2M2JjN2M0YzAiOnsiZGVsZXRlIjo2MDAwMDAwMDAwMDB9fQ==",
          "dependencies": [
            "openstack_networking_secgroup_v2.main"
          ]
        }
      ]
    },
    {
      "mode": "managed",
      "type": "openstack_networking_secgroup_v2",
      "name": "main",
      "provider": "provider[\"registry.terraform.io/terraform-provider-openstack/openstack\"]",
      "instances": [
        {
          "schema_version": 0,
          "attributes": {
            "all_tags": [],
            "delete_default_rules": null,
            "description": "Security group for Kubernetes cluster nodes",
            "id": "270e1a94-3eee-498a-864f-758952d3c499",
            "name": "k8s-secgroup",
            "region": "KVM@TACC",
            "tags": [],
            "tenant_id": "89f528973fea4b3a981f9b2344e522de",
            "timeouts": null
          },
          "sensitive_attributes": [],
          "private": "eyJlMmJmYjczMC1lY2FhLTExZTYtOGY4OC0zNDM2M2JjN2M0YzAiOnsiZGVsZXRlIjo2MDAwMDAwMDAwMDB9fQ=="
        }
      ]
    }
  ],
  "check_results": null
}
